PODS:
  - Beethoven (4.0.2):
    - Pitchy (~> 3.0)
  - Cartography (3.0.1)
  - Hue (3.0.1)
  - Pitchy (3.0.0)

DEPENDENCIES:
  - Beethoven (from `../../`)
  - Cartography
  - Hue (~> 3.0)

EXTERNAL SOURCES:
  Beethoven:
    :path: ../../

SPEC CHECKSUMS:
  Beethoven: 04f99571a7ad2a37184161762be757fe0b8ccc20
  Cartography: f8c899bb0f5cf20758644a8eea59a75e98a03a5d
  Hue: 93e852fa6211ab35922ad8c293f51c43d6c79eb2
  Pitchy: 15407e4425b6d88fa3e7eef8927ba659fab52d7a

PODFILE CHECKSUM: 38c90b3edadf248124cd55d1086854ecf4e5c51b

COCOAPODS: 1.4.0.beta.2
